
Microsoft Visual Studio Solution File, Format Version 12.00
# Visual Studio Version 17
VisualStudioVersion = 17.5.33627.172
MinimumVisualStudioVersion = 10.0.40219.1
Project("{FAE04EC0-301F-11D3-BF4B-00C04F79EFBC}") = "BowlingGame.Tests", "BowlingGame.Tests\BowlingGame.Tests.csproj", "{8D18033A-3903-4744-BA3E-575C85A88768}"
EndProject
Project("{FAE04EC0-301F-11D3-BF4B-00C04F79EFBC}") = "BowlingGame.Core", "BowlingGame.Core\BowlingGame.Core.csproj", "{5E8AB45E-FBF2-4F24-82CB-4FD3514106C3}"
EndProject
Global
	GlobalSection(SolutionConfigurationPlatforms) = preSolution
		Debug|Any CPU = Debug|Any CPU
		Release|Any CPU = Release|Any CPU
	EndGlobalSection
	GlobalSection(ProjectConfigurationPlatforms) = postSolution
		{8D18033A-3903-4744-BA3E-575C85A88768}.Debug|Any CPU.ActiveCfg = Debug|Any CPU
		{8D18033A-3903-4744-BA3E-575C85A88768}.Debug|Any CPU.Build.0 = Debug|Any CPU
		{8D18033A-3903-4744-BA3E-575C85A88768}.Release|Any CPU.ActiveCfg = Release|Any CPU
		{8D18033A-3903-4744-BA3E-575C85A88768}.Release|Any CPU.Build.0 = Release|Any CPU
		{5E8AB45E-FBF2-4F24-82CB-4FD3514106C3}.Debug|Any CPU.ActiveCfg = Debug|Any CPU
		{5E8AB45E-FBF2-4F24-82CB-4FD3514106C3}.Debug|Any CPU.Build.0 = Debug|Any CPU
		{5E8AB45E-FBF2-4F24-82CB-4FD3514106C3}.Release|Any CPU.ActiveCfg = Release|Any CPU
		{5E8AB45E-FBF2-4F24-82CB-4FD3514106C3}.Release|Any CPU.Build.0 = Release|Any CPU
	EndGlobalSection
	GlobalSection(SolutionProperties) = preSolution
		HideSolutionNode = FALSE
	EndGlobalSection
	GlobalSection(ExtensibilityGlobals) = postSolution
		SolutionGuid = {675B9A46-E27E-41D6-865A-34F50ACBDCE7}
	EndGlobalSection
EndGlobal
